Microsoft Visual Studio Solution File, Format Version 12.00
# Visual Studio Version 17
VisualStudioVersion = 17.3.32819.101
MinimumVisualStudioVersion = 10.0.40219.1
Project("{9A19103F-16F7-4668-BE54-9A1E7A4F7556}") = "PlexShareNetwork", "PlexShareNetwork\PlexShareNetwork.csproj", "{F2398A41-AD50-4EB9-AE87-A8DF2A0866B5}"
EndProject
Project("{9A19103F-16F7-4668-BE54-9A1E7A4F7556}") = "PlexShareWhiteboard", "PlexShareWhiteboard\PlexShareWhiteboard.csproj", "{F6F4CC67-6B2F-4AF8-94D4-A0C43BE6D8AB}"
EndProject
Project("{9A19103F-16F7-4668-BE54-9A1E7A4F7556}") = "PlexShareDashboard", "PlexShareDashboard\PlexShareDashboard.csproj", "{43A011FB-9060-4358-A70F-A464EFAB10E5}"
EndProject
Project("{9A19103F-16F7-4668-BE54-9A1E7A4F7556}") = "PlexShareContent", "PlexShareContent\PlexShareContent.csproj", "{AAECDE48-DE5A-49D6-9362-DEEFA28EBFFB}"
EndProject
Project("{9A19103F-16F7-4668-BE54-9A1E7A4F7556}") = "PlexShareApp", "PlexShareApp\PlexShareApp.csproj", "{C01F319C-2E83-4702-B0FE-701A176CA0E0}"
	ProjectSection(ProjectDependencies) = postProject
		{43A011FB-9060-4358-A70F-A464EFAB10E5} = {43A011FB-9060-4358-A70F-A464EFAB10E5}
		{807D1284-9BE6-4679-9B07-C9A6E9D93AA6} = {807D1284-9BE6-4679-9B07-C9A6E9D93AA6}
		{AAECDE48-DE5A-49D6-9362-DEEFA28EBFFB} = {AAECDE48-DE5A-49D6-9362-DEEFA28EBFFB}
		{F6F4CC67-6B2F-4AF8-94D4-A0C43BE6D8AB} = {F6F4CC67-6B2F-4AF8-94D4-A0C43BE6D8AB}
	EndProjectSection
EndProject
Project("{9A19103F-16F7-4668-BE54-9A1E7A4F7556}") = "PlexShareScreenshare", "PlexShareScreenshare\PlexShareScreenshare.csproj", "{807D1284-9BE6-4679-9B07-C9A6E9D93AA6}"
EndProject
Project("{2150E333-8FDC-42A3-9474-1A3956D46DE8}") = "Solution Items", "Solution Items", "{27DAB114-8720-4B10-90A3-DC7B6E9C7252}"
	ProjectSection(SolutionItems) = preProject
		.editorconfig = .editorconfig
	EndProjectSection
EndProject
Project("{9A19103F-16F7-4668-BE54-9A1E7A4F7556}") = "PlexShareTests", "PlexShareTests\PlexShareTests.csproj", "{198328E5-02FF-49A9-B718-77AAE74D9026}"
EndProject
Project("{9A19103F-16F7-4668-BE54-9A1E7A4F7556}") = "PlexShareCloud", "PlexShareCloud\PlexShareCloud.csproj", "{F8BC617D-3C6D-4267-9747-C2CBEE776F36}"
EndProject
Project("{9A19103F-16F7-4668-BE54-9A1E7A4F7556}") = "PlexShareCloudUX", "PlexShareCloudUX\PlexShareCloudUX.csproj", "{8617AF05-8903-4DED-8B2F-A0E1C5B96083}"
EndProject
Global
	GlobalSection(SolutionConfigurationPlatforms) = preSolution
		Debug|Any CPU = Debug|Any CPU
		Debug|x64 = Debug|x64
		Release|Any CPU = Release|Any CPU
		Release|x64 = Release|x64
	EndGlobalSection
	GlobalSection(ProjectConfigurationPlatforms) = postSolution
		{F2398A41-AD50-4EB9-AE87-A8DF2A0866B5}.Debug|Any CPU.ActiveCfg = Debug|Any CPU
		{F2398A41-AD50-4EB9-AE87-A8DF2A0866B5}.Debug|Any CPU.Build.0 = Debug|Any CPU
		{F2398A41-AD50-4EB9-AE87-A8DF2A0866B5}.Debug|x64.ActiveCfg = Debug|x64
		{F2398A41-AD50-4EB9-AE87-A8DF2A0866B5}.Debug|x64.Build.0 = Debug|x64
		{F2398A41-AD50-4EB9-AE87-A8DF2A0866B5}.Release|Any CPU.ActiveCfg = Release|Any CPU
		{F2398A41-AD50-4EB9-AE87-A8DF2A0866B5}.Release|Any CPU.Build.0 = Release|Any CPU
		{F2398A41-AD50-4EB9-AE87-A8DF2A0866B5}.Release|x64.ActiveCfg = Release|x64
		{F2398A41-AD50-4EB9-AE87-A8DF2A0866B5}.Release|x64.Build.0 = Release|x64
		{F6F4CC67-6B2F-4AF8-94D4-A0C43BE6D8AB}.Debug|Any CPU.ActiveCfg = Debug|Any CPU
		{F6F4CC67-6B2F-4AF8-94D4-A0C43BE6D8AB}.Debug|Any CPU.Build.0 = Debug|Any CPU
		{F6F4CC67-6B2F-4AF8-94D4-A0C43BE6D8AB}.Debug|x64.ActiveCfg = Debug|x64
		{F6F4CC67-6B2F-4AF8-94D4-A0C43BE6D8AB}.Debug|x64.Build.0 = Debug|x64
		{F6F4CC67-6B2F-4AF8-94D4-A0C43BE6D8AB}.Release|Any CPU.ActiveCfg = Release|Any CPU
		{F6F4CC67-6B2F-4AF8-94D4-A0C43BE6D8AB}.Release|Any CPU.Build.0 = Release|Any CPU
		{F6F4CC67-6B2F-4AF8-94D4-A0C43BE6D8AB}.Release|x64.ActiveCfg = Release|x64
		{F6F4CC67-6B2F-4AF8-94D4-A0C43BE6D8AB}.Release|x64.Build.0 = Release|x64
		{43A011FB-9060-4358-A70F-A464EFAB10E5}.Debug|Any CPU.ActiveCfg = Debug|Any CPU
		{43A011FB-9060-4358-A70F-A464EFAB10E5}.Debug|Any CPU.Build.0 = Debug|Any CPU
		{43A011FB-9060-4358-A70F-A464EFAB10E5}.Debug|x64.ActiveCfg = Debug|x64
		{43A011FB-9060-4358-A70F-A464EFAB10E5}.Debug|x64.Build.0 = Debug|x64
		{43A011FB-9060-4358-A70F-A464EFAB10E5}.Release|Any CPU.ActiveCfg = Release|Any CPU
		{43A011FB-9060-4358-A70F-A464EFAB10E5}.Release|Any CPU.Build.0 = Release|Any CPU
		{43A011FB-9060-4358-A70F-A464EFAB10E5}.Release|x64.ActiveCfg = Release|x64
		{43A011FB-9060-4358-A70F-A464EFAB10E5}.Release|x64.Build.0 = Release|x64
		{AAECDE48-DE5A-49D6-9362-DEEFA28EBFFB}.Debug|Any CPU.ActiveCfg = Debug|Any CPU
		{AAECDE48-DE5A-49D6-9362-DEEFA28EBFFB}.Debug|Any CPU.Build.0 = Debug|Any CPU
		{AAECDE48-DE5A-49D6-9362-DEEFA28EBFFB}.Debug|x64.ActiveCfg = Debug|x64
		{AAECDE48-DE5A-49D6-9362-DEEFA28EBFFB}.Debug|x64.Build.0 = Debug|x64
		{AAECDE48-DE5A-49D6-9362-DEEFA28EBFFB}.Release|Any CPU.ActiveCfg = Release|Any CPU
		{AAECDE48-DE5A-49D6-9362-DEEFA28EBFFB}.Release|Any CPU.Build.0 = Release|Any CPU
		{AAECDE48-DE5A-49D6-9362-DEEFA28EBFFB}.Release|x64.ActiveCfg = Release|x64
		{AAECDE48-DE5A-49D6-9362-DEEFA28EBFFB}.Release|x64.Build.0 = Release|x64
		{C01F319C-2E83-4702-B0FE-701A176CA0E0}.Debug|Any CPU.ActiveCfg = Debug|Any CPU
		{C01F319C-2E83-4702-B0FE-701A176CA0E0}.Debug|Any CPU.Build.0 = Debug|Any CPU
		{C01F319C-2E83-4702-B0FE-701A176CA0E0}.Debug|x64.ActiveCfg = Debug|x64
		{C01F319C-2E83-4702-B0FE-701A176CA0E0}.Debug|x64.Build.0 = Debug|x64
		{C01F319C-2E83-4702-B0FE-701A176CA0E0}.Release|Any CPU.ActiveCfg = Release|Any CPU
		{C01F319C-2E83-4702-B0FE-701A176CA0E0}.Release|Any CPU.Build.0 = Release|Any CPU
		{C01F319C-2E83-4702-B0FE-701A176CA0E0}.Release|x64.ActiveCfg = Release|x64
		{C01F319C-2E83-4702-B0FE-701A176CA0E0}.Release|x64.Build.0 = Release|x64
		{807D1284-9BE6-4679-9B07-C9A6E9D93AA6}.Debug|Any CPU.ActiveCfg = Debug|Any CPU
		{807D1284-9BE6-4679-9B07-C9A6E9D93AA6}.Debug|Any CPU.Build.0 = Debug|Any CPU
		{807D1284-9BE6-4679-9B07-C9A6E9D93AA6}.Debug|x64.ActiveCfg = Debug|x64
		{807D1284-9BE6-4679-9B07-C9A6E9D93AA6}.Debug|x64.Build.0 = Debug|x64
		{807D1284-9BE6-4679-9B07-C9A6E9D93AA6}.Release|Any CPU.ActiveCfg = Release|Any CPU
		{807D1284-9BE6-4679-9B07-C9A6E9D93AA6}.Release|Any CPU.Build.0 = Release|Any CPU
		{807D1284-9BE6-4679-9B07-C9A6E9D93AA6}.Release|x64.ActiveCfg = Release|x64
		{807D1284-9BE6-4679-9B07-C9A6E9D93AA6}.Release|x64.Build.0 = Release|x64
		{198328E5-02FF-49A9-B718-77AAE74D9026}.Debug|Any CPU.ActiveCfg = Debug|Any CPU
		{198328E5-02FF-49A9-B718-77AAE74D9026}.Debug|Any CPU.Build.0 = Debug|Any CPU
		{198328E5-02FF-49A9-B718-77AAE74D9026}.Debug|x64.ActiveCfg = Debug|Any CPU
		{198328E5-02FF-49A9-B718-77AAE74D9026}.Debug|x64.Build.0 = Debug|Any CPU
		{198328E5-02FF-49A9-B718-77AAE74D9026}.Release|Any CPU.ActiveCfg = Release|Any CPU
		{198328E5-02FF-49A9-B718-77AAE74D9026}.Release|Any CPU.Build.0 = Release|Any CPU
		{198328E5-02FF-49A9-B718-77AAE74D9026}.Release|x64.ActiveCfg = Release|x64
		{198328E5-02FF-49A9-B718-77AAE74D9026}.Release|x64.Build.0 = Release|x64
		{F8BC617D-3C6D-4267-9747-C2CBEE776F36}.Debug|Any CPU.ActiveCfg = Debug|Any CPU
		{F8BC617D-3C6D-4267-9747-C2CBEE776F36}.Debug|Any CPU.Build.0 = Debug|Any CPU
		{F8BC617D-3C6D-4267-9747-C2CBEE776F36}.Debug|x64.ActiveCfg = Debug|x64
		{F8BC617D-3C6D-4267-9747-C2CBEE776F36}.Debug|x64.Build.0 = Debug|x64
		{F8BC617D-3C6D-4267-9747-C2CBEE776F36}.Release|Any CPU.ActiveCfg = Release|Any CPU
		{F8BC617D-3C6D-4267-9747-C2CBEE776F36}.Release|Any CPU.Build.0 = Release|Any CPU
		{F8BC617D-3C6D-4267-9747-C2CBEE776F36}.Release|x64.ActiveCfg = Release|x64
		{F8BC617D-3C6D-4267-9747-C2CBEE776F36}.Release|x64.Build.0 = Release|x64
		{8617AF05-8903-4DED-8B2F-A0E1C5B96083}.Debug|Any CPU.ActiveCfg = Release|Any CPU
		{8617AF05-8903-4DED-8B2F-A0E1C5B96083}.Debug|Any CPU.Build.0 = Release|Any CPU
		{8617AF05-8903-4DED-8B2F-A0E1C5B96083}.Debug|x64.ActiveCfg = Debug|Any CPU
		{8617AF05-8903-4DED-8B2F-A0E1C5B96083}.Debug|x64.Build.0 = Debug|Any CPU
		{8617AF05-8903-4DED-8B2F-A0E1C5B96083}.Release|Any CPU.ActiveCfg = Release|Any CPU
		{8617AF05-8903-4DED-8B2F-A0E1C5B96083}.Release|Any CPU.Build.0 = Release|Any CPU
		{8617AF05-8903-4DED-8B2F-A0E1C5B96083}.Release|x64.ActiveCfg = Release|Any CPU
		{8617AF05-8903-4DED-8B2F-A0E1C5B96083}.Release|x64.Build.0 = Release|Any CPU
	EndGlobalSection
	GlobalSection(SolutionProperties) = preSolution
		HideSolutionNode = FALSE
	EndGlobalSection
	GlobalSection(ExtensibilityGlobals) = postSolution
		SolutionGuid = {3A30FA59-AC21-4EE5-9371-DB129B92B2A8}
	EndGlobalSection
EndGlobal
